
Microsoft Visual Studio Solution File, Format Version 12.00
# Visual Studio Version 16
VisualStudioVersion = 16.0.30503.244
MinimumVisualStudioVersion = 10.0.40219.1
Project("{FAE04EC0-301F-11D3-BF4B-00C04F79EFBC}") = "MainDabWPF", "MainDabWPF.csproj", "{C63EFA2F-03EF-4771-9683-2E34E7AD1107}"
EndProject
Project("{2150E333-8FDC-42A3-9474-1A3956D46DE8}") = "Solution Items", "Solution Items", "{9D62EF6A-F6DA-4966-91EB-A09F4153FE8C}"
	ProjectSection(SolutionItems) = preProject
		.editorconfig = .editorconfig
	EndProjectSection
EndProject
Project("{FAE04EC0-301F-11D3-BF4B-00C04F79EFBC}") = "MainDabUpdater", "..\MainDabUpdater\MainDabUpdater.csproj", "{29C2A03A-B713-4810-951D-DD5557479381}"
EndProject
Project("{FAE04EC0-301F-11D3-BF4B-00C04F79EFBC}") = "MainDabExtensions", "..\MainDabExtensions\MainDabExtensions.csproj", "{DDBE2217-B565-40C9-ACAC-4B2DD846B1BA}"
EndProject
Project("{2150E333-8FDC-42A3-9474-1A3956D46DE8}") = "Extensions", "Extensions", "{4B88E4DB-4BAC-4C89-B4B3-B76093D7EA8E}"
EndProject
Project("{FAE04EC0-301F-11D3-BF4B-00C04F79EFBC}") = "TaintLogs", "..\TaintLogs\TaintLogs.csproj", "{F12B2478-B8A9-4454-91AA-A9470CEB4CC0}"
EndProject
Project("{FAE04EC0-301F-11D3-BF4B-00C04F79EFBC}") = "MainDabExtUpdater", "..\MainDabExtUpdater\MainDabExtUpdater.csproj", "{FA4DF50A-4043-43F7-8488-6C96650D9DEA}"
EndProject
Project("{FAE04EC0-301F-11D3-BF4B-00C04F79EFBC}") = "MainDabWPFBETA", "..\MainDabBetaRelease\MainDabWPFBETA.csproj", "{D09CBFB3-A77A-4F03-991D-6DF6C1308731}"
EndProject
Project("{FAE04EC0-301F-11D3-BF4B-00C04F79EFBC}") = "MainDabUpdaterBETA", "..\MainDabUpdaterBeta\MainDabUpdaterBETA.csproj", "{ED4E39C1-B661-4609-B753-554A6359BF4B}"
EndProject
Project("{2150E333-8FDC-42A3-9474-1A3956D46DE8}") = "MAINDABETA", "MAINDABETA", "{D25CECAF-46DA-4678-870E-E69307BF3EBA}"
EndProject
Global
	GlobalSection(SolutionConfigurationPlatforms) = preSolution
		Debug|Any CPU = Debug|Any CPU
		Release|Any CPU = Release|Any CPU
	EndGlobalSection
	GlobalSection(ProjectConfigurationPlatforms) = postSolution
		{C63EFA2F-03EF-4771-9683-2E34E7AD1107}.Debug|Any CPU.ActiveCfg = Debug|Any CPU
		{C63EFA2F-03EF-4771-9683-2E34E7AD1107}.Debug|Any CPU.Build.0 = Debug|Any CPU
		{C63EFA2F-03EF-4771-9683-2E34E7AD1107}.Release|Any CPU.ActiveCfg = Release|Any CPU
		{C63EFA2F-03EF-4771-9683-2E34E7AD1107}.Release|Any CPU.Build.0 = Release|Any CPU
		{29C2A03A-B713-4810-951D-DD5557479381}.Debug|Any CPU.ActiveCfg = Debug|Any CPU
		{29C2A03A-B713-4810-951D-DD5557479381}.Debug|Any CPU.Build.0 = Debug|Any CPU
		{29C2A03A-B713-4810-951D-DD5557479381}.Release|Any CPU.ActiveCfg = Release|Any CPU
		{29C2A03A-B713-4810-951D-DD5557479381}.Release|Any CPU.Build.0 = Release|Any CPU
		{DDBE2217-B565-40C9-ACAC-4B2DD846B1BA}.Debug|Any CPU.ActiveCfg = Debug|Any CPU
		{DDBE2217-B565-40C9-ACAC-4B2DD846B1BA}.Debug|Any CPU.Build.0 = Debug|Any CPU
		{DDBE2217-B565-40C9-ACAC-4B2DD846B1BA}.Release|Any CPU.ActiveCfg = Release|Any CPU
		{DDBE2217-B565-40C9-ACAC-4B2DD846B1BA}.Release|Any CPU.Build.0 = Release|Any CPU
		{F12B2478-B8A9-4454-91AA-A9470CEB4CC0}.Debug|Any CPU.ActiveCfg = Debug|Any CPU
		{F12B2478-B8A9-4454-91AA-A9470CEB4CC0}.Debug|Any CPU.Build.0 = Debug|Any CPU
		{F12B2478-B8A9-4454-91AA-A9470CEB4CC0}.Release|Any CPU.ActiveCfg = Release|Any CPU
		{F12B2478-B8A9-4454-91AA-A9470CEB4CC0}.Release|Any CPU.Build.0 = Release|Any CPU
		{FA4DF50A-4043-43F7-8488-6C96650D9DEA}.Debug|Any CPU.ActiveCfg = Debug|Any CPU
		{FA4DF50A-4043-43F7-8488-6C96650D9DEA}.Debug|Any CPU.Build.0 = Debug|Any CPU
		{FA4DF50A-4043-43F7-8488-6C96650D9DEA}.Release|Any CPU.ActiveCfg = Release|Any CPU
		{FA4DF50A-4043-43F7-8488-6C96650D9DEA}.Release|Any CPU.Build.0 = Release|Any CPU
		{D09CBFB3-A77A-4F03-991D-6DF6C1308731}.Debug|Any CPU.ActiveCfg = Debug|Any CPU
		{D09CBFB3-A77A-4F03-991D-6DF6C1308731}.Debug|Any CPU.Build.0 = Debug|Any CPU
		{D09CBFB3-A77A-4F03-991D-6DF6C1308731}.Release|Any CPU.ActiveCfg = Release|Any CPU
		{D09CBFB3-A77A-4F03-991D-6DF6C1308731}.Release|Any CPU.Build.0 = Release|Any CPU
		{ED4E39C1-B661-4609-B753-554A6359BF4B}.Debug|Any CPU.ActiveCfg = Debug|Any CPU
		{ED4E39C1-B661-4609-B753-554A6359BF4B}.Debug|Any CPU.Build.0 = Debug|Any CPU
		{ED4E39C1-B661-4609-B753-554A6359BF4B}.Release|Any CPU.ActiveCfg = Release|Any CPU
		{ED4E39C1-B661-4609-B753-554A6359BF4B}.Release|Any CPU.Build.0 = Release|Any CPU
	EndGlobalSection
	GlobalSection(SolutionProperties) = preSolution
		HideSolutionNode = FALSE
	EndGlobalSection
	GlobalSection(NestedProjects) = preSolution
		{F12B2478-B8A9-4454-91AA-A9470CEB4CC0} = {4B88E4DB-4BAC-4C89-B4B3-B76093D7EA8E}
		{FA4DF50A-4043-43F7-8488-6C96650D9DEA} = {4B88E4DB-4BAC-4C89-B4B3-B76093D7EA8E}
		{D09CBFB3-A77A-4F03-991D-6DF6C1308731} = {D25CECAF-46DA-4678-870E-E69307BF3EBA}
		{ED4E39C1-B661-4609-B753-554A6359BF4B} = {D25CECAF-46DA-4678-870E-E69307BF3EBA}
	EndGlobalSection
	GlobalSection(ExtensibilityGlobals) = postSolution
		SolutionGuid = {2FDD6948-F47C-4C80-8016-202EBA67D6A4}
	EndGlobalSection
EndGlobal
